// !$*UTF8*$!
{
	archiveVersion = 1;
	classes = {
	};
	objectVersion = 46;
	objects = {

/* Begin PBXBuildFile section */
		463FBF8F1F1776FC006A214D /* CurrentUser.swift in Sources */ = {isa = PBXBuildFile; fileRef = 463FBF8E1F1776FC006A214D /* CurrentUser.swift */; };
		463FBF921F17F3A8006A214D /* ImagePreviewViewController.swift in Sources */ = {isa = PBXBuildFile; fileRef = 463FBF911F17F3A8006A214D /* ImagePreviewViewController.swift */; };
		46972A311F15B23100BDAEDF /* CreateUserViewController.swift in Sources */ = {isa = PBXBuildFile; fileRef = 46972A301F15B23100BDAEDF /* CreateUserViewController.swift */; };
		46972A331F15B31500BDAEDF /* LanguagesViewController.swift in Sources */ = {isa = PBXBuildFile; fileRef = 46972A321F15B31500BDAEDF /* LanguagesViewController.swift */; };
		46972A351F15B35600BDAEDF /* LanguagesTableViewCell.swift in Sources */ = {isa = PBXBuildFile; fileRef = 46972A341F15B35600BDAEDF /* LanguagesTableViewCell.swift */; };
		46972A371F15B39D00BDAEDF /* ShortNotesViewController.swift in Sources */ = {isa = PBXBuildFile; fileRef = 46972A361F15B39D00BDAEDF /* ShortNotesViewController.swift */; };
		46972A391F15B3C100BDAEDF /* ShortNotesTableViewCell.swift in Sources */ = {isa = PBXBuildFile; fileRef = 46972A381F15B3C100BDAEDF /* ShortNotesTableViewCell.swift */; };
		46972A3B1F15B3ED00BDAEDF /* ShortNoteViewController.swift in Sources */ = {isa = PBXBuildFile; fileRef = 46972A3A1F15B3ED00BDAEDF /* ShortNoteViewController.swift */; };
		46972A3D1F15B48200BDAEDF /* SaveLanguageViewController.swift in Sources */ = {isa = PBXBuildFile; fileRef = 46972A3C1F15B48200BDAEDF /* SaveLanguageViewController.swift */; };
		46972A3F1F15B4A700BDAEDF /* SaveNoteViewController.swift in Sources */ = {isa = PBXBuildFile; fileRef = 46972A3E1F15B4A700BDAEDF /* SaveNoteViewController.swift */; };
		46972A411F15B4D700BDAEDF /* CurrentUserViewController.swift in Sources */ = {isa = PBXBuildFile; fileRef = 46972A401F15B4D700BDAEDF /* CurrentUserViewController.swift */; };
		46972A431F15B4FA00BDAEDF /* SaveUserViewController.swift in Sources */ = {isa = PBXBuildFile; fileRef = 46972A421F15B4FA00BDAEDF /* SaveUserViewController.swift */; };
		46972A451F15CAF900BDAEDF /* CoreDataStack.swift in Sources */ = {isa = PBXBuildFile; fileRef = 46972A441F15CAF900BDAEDF /* CoreDataStack.swift */; };
		46972A491F15DB2000BDAEDF /* ShortNoteDataModel.xcdatamodeld in Sources */ = {isa = PBXBuildFile; fileRef = 46972A471F15DB2000BDAEDF /* ShortNoteDataModel.xcdatamodeld */; };
		46972A4C1F15DC5600BDAEDF /* User+CoreDataClass.swift in Sources */ = {isa = PBXBuildFile; fileRef = 46972A4A1F15DC5600BDAEDF /* User+CoreDataClass.swift */; };
		46972A4D1F15DC5600BDAEDF /* User+CoreDataProperties.swift in Sources */ = {isa = PBXBuildFile; fileRef = 46972A4B1F15DC5600BDAEDF /* User+CoreDataProperties.swift */; };
		46972A521F15E27500BDAEDF /* ShortNote+CoreDataClass.swift in Sources */ = {isa = PBXBuildFile; fileRef = 46972A4E1F15E27500BDAEDF /* ShortNote+CoreDataClass.swift */; };
		46972A531F15E27500BDAEDF /* ShortNote+CoreDataProperties.swift in Sources */ = {isa = PBXBuildFile; fileRef = 46972A4F1F15E27500BDAEDF /* ShortNote+CoreDataProperties.swift */; };
		46972A541F15E27500BDAEDF /* ProgrammingLanguage+CoreDataClass.swift in Sources */ = {isa = PBXBuildFile; fileRef = 46972A501F15E27500BDAEDF /* ProgrammingLanguage+CoreDataClass.swift */; };
		46972A551F15E27500BDAEDF /* ProgrammingLanguage+CoreDataProperties.swift in Sources */ = {isa = PBXBuildFile; fileRef = 46972A511F15E27500BDAEDF /* ProgrammingLanguage+CoreDataProperties.swift */; };
		46972A571F15EC5300BDAEDF /* SampleDataCreator.swift in Sources */ = {isa = PBXBuildFile; fileRef = 46972A561F15EC5300BDAEDF /* SampleDataCreator.swift */; };
		46972A5B1F15F44900BDAEDF /* FormValidator.swift in Sources */ = {isa = PBXBuildFile; fileRef = 46972A5A1F15F44900BDAEDF /* FormValidator.swift */; };
		46972A5E1F15F6D400BDAEDF /* UIViewController+Extension.swift in Sources */ = {isa = PBXBuildFile; fileRef = 46972A5D1F15F6D400BDAEDF /* UIViewController+Extension.swift */; };
		46972A5F1F15F6D400BDAEDF /* UIViewController+Extension.swift in Sources */ = {isa = PBXBuildFile; fileRef = 46972A5D1F15F6D400BDAEDF /* UIViewController+Extension.swift */; };
		46972A611F160D7C00BDAEDF /* UserAuthentication.swift in Sources */ = {isa = PBXBuildFile; fileRef = 46972A601F160D7C00BDAEDF /* UserAuthentication.swift */; };
		46972A621F160D7C00BDAEDF /* UserAuthentication.swift in Sources */ = {isa = PBXBuildFile; fileRef = 46972A601F160D7C00BDAEDF /* UserAuthentication.swift */; };
		46972A631F160DF300BDAEDF /* FormValidator.swift in Sources */ = {isa = PBXBuildFile; fileRef = 46972A5A1F15F44900BDAEDF /* FormValidator.swift */; };
		46F0935B1F14850B00E150C6 /* AppDelegate.swift in Sources */ = {isa = PBXBuildFile; fileRef = 46F0935A1F14850B00E150C6 /* AppDelegate.swift */; };
		46F093601F14850B00E150C6 /* Main.storyboard in Resources */ = {isa = PBXBuildFile; fileRef = 46F0935E1F14850B00E150C6 /* Main.storyboard */; };
		46F093621F14850B00E150C6 /* Assets.xcassets in Resources */ = {isa = PBXBuildFile; fileRef = 46F093611F14850B00E150C6 /* Assets.xcassets */; };
		46F093651F14850B00E150C6 /* LaunchScreen.storyboard in Resources */ = {isa = PBXBuildFile; fileRef = 46F093631F14850B00E150C6 /* LaunchScreen.storyboard */; };
		46F093701F14850B00E150C6 /* Short_NoteTests.swift in Sources */ = {isa = PBXBuildFile; fileRef = 46F0936F1F14850B00E150C6 /* Short_NoteTests.swift */; };
		46F179991F14E237003FAF79 /* FTButton.swift in Sources */ = {isa = PBXBuildFile; fileRef = 46F179981F14E237003FAF79 /* FTButton.swift */; };
		46F1799B1F14E384003FAF79 /* FTView.swift in Sources */ = {isa = PBXBuildFile; fileRef = 46F1799A1F14E384003FAF79 /* FTView.swift */; };
		46F179A11F15386B003FAF79 /* LogInViewController.swift in Sources */ = {isa = PBXBuildFile; fileRef = 46F179A01F15386B003FAF79 /* LogInViewController.swift */; };
		46F45F3D1F168D5900B655A8 /* StandardColors.swift in Sources */ = {isa = PBXBuildFile; fileRef = 46F45F3C1F168D5900B655A8 /* StandardColors.swift */; };
		FB6EFB81C6A7DDE44810B5D6 /* Pods_Short_NoteTests.framework in Frameworks */ = {isa = PBXBuildFile; fileRef = B4F92F744607E27169237D99 /* Pods_Short_NoteTests.framework */; };
		FE4D658C7023FE25F0112A90 /* Pods_Short_Note.framework in Frameworks */ = {isa = PBXBuildFile; fileRef = 6E1936F0E8BE1E582576FB9D /* Pods_Short_Note.framework */; };
/* End PBXBuildFile section */

/* Begin PBXContainerItemProxy section */
		46F0936C1F14850B00E150C6 /* PBXContainerItemProxy */ = {
			isa = PBXContainerItemProxy;
			containerPortal = 46F0934F1F14850B00E150C6 /* Project object */;
			proxyType = 1;
			remoteGlobalIDString = 46F093561F14850B00E150C6;
			remoteInfo = "Short Note";
		};
/* End PBXContainerItemProxy section */

/* Begin PBXFileReference section */
		0D0CBB484624596FC42E6185 /* Pods-Short NoteTests.release.xcconfig */ = {isa = PBXFileReference; includeInIndex = 1; lastKnownFileType = text.xcconfig; name = "Pods-Short NoteTests.release.xcconfig"; path = "Pods/Target Support Files/Pods-Short NoteTests/Pods-Short NoteTests.release.xcconfig"; sourceTree = "<group>"; };
		1FE811CD89E0DAE48423B8D3 /* Pods-Short Note.debug.xcconfig */ = {isa = PBXFileReference; includeInIndex = 1; lastKnownFileType = text.xcconfig; name = "Pods-Short Note.debug.xcconfig"; path = "Pods/Target Support Files/Pods-Short Note/Pods-Short Note.debug.xcconfig"; sourceTree = "<group>"; };
		463FBF8E1F1776FC006A214D /* CurrentUser.swift */ = {isa = PBXFileReference; fileEncoding = 4; lastKnownFileType = sourcecode.swift; path = CurrentUser.swift; sourceTree = "<group>"; };
		463FBF901F17F08A006A214D /* Short Note.entitlements */ = {isa = PBXFileReference; lastKnownFileType = text.plist.entitlements; path = "Short Note.entitlements"; sourceTree = "<group>"; };
		463FBF911F17F3A8006A214D /* ImagePreviewViewController.swift */ = {isa = PBXFileReference; fileEncoding = 4; lastKnownFileType = sourcecode.swift; path = ImagePreviewViewController.swift; sourceTree = "<group>"; };
		46972A301F15B23100BDAEDF /* CreateUserViewController.swift */ = {isa = PBXFileReference; fileEncoding = 4; lastKnownFileType = sourcecode.swift; path = CreateUserViewController.swift; sourceTree = "<group>"; };
		46972A321F15B31500BDAEDF /* LanguagesViewController.swift */ = {isa = PBXFileReference; fileEncoding = 4; lastKnownFileType = sourcecode.swift; path = LanguagesViewController.swift; sourceTree = "<group>"; };
		46972A341F15B35600BDAEDF /* LanguagesTableViewCell.swift */ = {isa = PBXFileReference; fileEncoding = 4; lastKnownFileType = sourcecode.swift; path = LanguagesTableViewCell.swift; sourceTree = "<group>"; };
		46972A361F15B39D00BDAEDF /* ShortNotesViewController.swift */ = {isa = PBXFileReference; fileEncoding = 4; lastKnownFileType = sourcecode.swift; path = ShortNotesViewController.swift; sourceTree = "<group>"; };
		46972A381F15B3C100BDAEDF /* ShortNotesTableViewCell.swift */ = {isa = PBXFileReference; fileEncoding = 4; lastKnownFileType = sourcecode.swift; path = ShortNotesTableViewCell.swift; sourceTree = "<group>"; };
		46972A3A1F15B3ED00BDAEDF /* ShortNoteViewController.swift */ = {isa = PBXFileReference; fileEncoding = 4; lastKnownFileType = sourcecode.swift; path = ShortNoteViewController.swift; sourceTree = "<group>"; };
		46972A3C1F15B48200BDAEDF /* SaveLanguageViewController.swift */ = {isa = PBXFileReference; fileEncoding = 4; lastKnownFileType = sourcecode.swift; path = SaveLanguageViewController.swift; sourceTree = "<group>"; };
		46972A3E1F15B4A700BDAEDF /* SaveNoteViewController.swift */ = {isa = PBXFileReference; fileEncoding = 4; lastKnownFileType = sourcecode.swift; path = SaveNoteViewController.swift; sourceTree = "<group>"; };
		46972A401F15B4D700BDAEDF /* CurrentUserViewController.swift */ = {isa = PBXFileReference; fileEncoding = 4; lastKnownFileType = sourcecode.swift; path = CurrentUserViewController.swift; sourceTree = "<group>"; };
		46972A421F15B4FA00BDAEDF /* SaveUserViewController.swift */ = {isa = PBXFileReference; fileEncoding = 4; lastKnownFileType = sourcecode.swift; path = SaveUserViewController.swift; sourceTree = "<group>"; };
		46972A441F15CAF900BDAEDF /* CoreDataStack.swift */ = {isa = PBXFileReference; fileEncoding = 4; lastKnownFileType = sourcecode.swift; path = CoreDataStack.swift; sourceTree = "<group>"; };
		46972A481F15DB2000BDAEDF /* ShortNoteDataModel.xcdatamodel */ = {isa = PBXFileReference; lastKnownFileType = wrapper.xcdatamodel; path = ShortNoteDataModel.xcdatamodel; sourceTree = "<group>"; };
		46972A4A1F15DC5600BDAEDF /* User+CoreDataClass.swift */ = {isa = PBXFileReference; fileEncoding = 4; lastKnownFileType = sourcecode.swift; path = "User+CoreDataClass.swift"; sourceTree = "<group>"; };
		46972A4B1F15DC5600BDAEDF /* User+CoreDataProperties.swift */ = {isa = PBXFileReference; fileEncoding = 4; lastKnownFileType = sourcecode.swift; path = "User+CoreDataProperties.swift"; sourceTree = "<group>"; };
		46972A4E1F15E27500BDAEDF /* ShortNote+CoreDataClass.swift */ = {isa = PBXFileReference; fileEncoding = 4; lastKnownFileType = sourcecode.swift; path = "ShortNote+CoreDataClass.swift"; sourceTree = "<group>"; };
		46972A4F1F15E27500BDAEDF /* ShortNote+CoreDataProperties.swift */ = {isa = PBXFileReference; fileEncoding = 4; lastKnownFileType = sourcecode.swift; path = "ShortNote+CoreDataProperties.swift"; sourceTree = "<group>"; };
		46972A501F15E27500BDAEDF /* ProgrammingLanguage+CoreDataClass.swift */ = {isa = PBXFileReference; fileEncoding = 4; lastKnownFileType = sourcecode.swift; path = "ProgrammingLanguage+CoreDataClass.swift"; sourceTree = "<group>"; };
		46972A511F15E27500BDAEDF /* ProgrammingLanguage+CoreDataProperties.swift */ = {isa = PBXFileReference; fileEncoding = 4; lastKnownFileType = sourcecode.swift; path = "ProgrammingLanguage+CoreDataProperties.swift"; sourceTree = "<group>"; };
		46972A561F15EC5300BDAEDF /* SampleDataCreator.swift */ = {isa = PBXFileReference; fileEncoding = 4; lastKnownFileType = sourcecode.swift; path = SampleDataCreator.swift; sourceTree = "<group>"; };
		46972A5A1F15F44900BDAEDF /* FormValidator.swift */ = {isa = PBXFileReference; fileEncoding = 4; lastKnownFileType = sourcecode.swift; path = FormValidator.swift; sourceTree = "<group>"; };
		46972A5D1F15F6D400BDAEDF /* UIViewController+Extension.swift */ = {isa = PBXFileReference; fileEncoding = 4; lastKnownFileType = sourcecode.swift; path = "UIViewController+Extension.swift"; sourceTree = "<group>"; };
		46972A601F160D7C00BDAEDF /* UserAuthentication.swift */ = {isa = PBXFileReference; fileEncoding = 4; lastKnownFileType = sourcecode.swift; path = UserAuthentication.swift; sourceTree = "<group>"; };
		46F093571F14850B00E150C6 /* Short Note.app */ = {isa = PBXFileReference; explicitFileType = wrapper.application; includeInIndex = 0; path = "Short Note.app"; sourceTree = BUILT_PRODUCTS_DIR; };
		46F0935A1F14850B00E150C6 /* AppDelegate.swift */ = {isa = PBXFileReference; lastKnownFileType = sourcecode.swift; path = AppDelegate.swift; sourceTree = "<group>"; };
		46F0935F1F14850B00E150C6 /* Base */ = {isa = PBXFileReference; lastKnownFileType = file.storyboard; name = Base; path = Base.lproj/Main.storyboard; sourceTree = "<group>"; };
		46F093611F14850B00E150C6 /* Assets.xcassets */ = {isa = PBXFileReference; lastKnownFileType = folder.assetcatalog; path = Assets.xcassets; sourceTree = "<group>"; };
		46F093641F14850B00E150C6 /* Base */ = {isa = PBXFileReference; lastKnownFileType = file.storyboard; name = Base; path = Base.lproj/LaunchScreen.storyboard; sourceTree = "<group>"; };
		46F093661F14850B00E150C6 /* Info.plist */ = {isa = PBXFileReference; lastKnownFileType = text.plist.xml; path = Info.plist; sourceTree = "<group>"; };
		46F0936B1F14850B00E150C6 /* Short NoteTests.xctest */ = {isa = PBXFileReference; explicitFileType = wrapper.cfbundle; includeInIndex = 0; path = "Short NoteTests.xctest"; sourceTree = BUILT_PRODUCTS_DIR; };
		46F0936F1F14850B00E150C6 /* Short_NoteTests.swift */ = {isa = PBXFileReference; lastKnownFileType = sourcecode.swift; path = Short_NoteTests.swift; sourceTree = "<group>"; };
		46F093711F14850B00E150C6 /* Info.plist */ = {isa = PBXFileReference; lastKnownFileType = text.plist.xml; path = Info.plist; sourceTree = "<group>"; };
		46F179981F14E237003FAF79 /* FTButton.swift */ = {isa = PBXFileReference; fileEncoding = 4; lastKnownFileType = sourcecode.swift; path = FTButton.swift; sourceTree = "<group>"; };
		46F1799A1F14E384003FAF79 /* FTView.swift */ = {isa = PBXFileReference; fileEncoding = 4; lastKnownFileType = sourcecode.swift; path = FTView.swift; sourceTree = "<group>"; };
		46F179A01F15386B003FAF79 /* LogInViewController.swift */ = {isa = PBXFileReference; fileEncoding = 4; lastKnownFileType = sourcecode.swift; path = LogInViewController.swift; sourceTree = "<group>"; };
		46F45F3C1F168D5900B655A8 /* StandardColors.swift */ = {isa = PBXFileReference; fileEncoding = 4; lastKnownFileType = sourcecode.swift; path = StandardColors.swift; sourceTree = "<group>"; };
		6E1936F0E8BE1E582576FB9D /* Pods_Short_Note.framework */ = {isa = PBXFileReference; explicitFileType = wrapper.framework; includeInIndex = 0; path = Pods_Short_Note.framework; sourceTree = BUILT_PRODUCTS_DIR; };
		B4F92F744607E27169237D99 /* Pods_Short_NoteTests.framework */ = {isa = PBXFileReference; explicitFileType = wrapper.framework; includeInIndex = 0; path = Pods_Short_NoteTests.framework; sourceTree = BUILT_PRODUCTS_DIR; };
		F13EA92AFCA48F4A60B5D471 /* Pods-Short NoteTests.debug.xcconfig */ = {isa = PBXFileReference; includeInIndex = 1; lastKnownFileType = text.xcconfig; name = "Pods-Short NoteTests.debug.xcconfig"; path = "Pods/Target Support Files/Pods-Short NoteTests/Pods-Short NoteTests.debug.xcconfig"; sourceTree = "<group>"; };
		F611327B0375564DE4763D26 /* Pods-Short Note.release.xcconfig */ = {isa = PBXFileReference; includeInIndex = 1; lastKnownFileType = text.xcconfig; name = "Pods-Short Note.release.xcconfig"; path = "Pods/Target Support Files/Pods-Short Note/Pods-Short Note.release.xcconfig"; sourceTree = "<group>"; };
/* End PBXFileReference section */

/* Begin PBXFrameworksBuildPhase section */
		46F093541F14850B00E150C6 /* Frameworks */ = {
			isa = PBXFrameworksBuildPhase;
			buildActionMask = 2147483647;
			files = (
				FE4D658C7023FE25F0112A90 /* Pods_Short_Note.framework in Frameworks */,
			);
			runOnlyForDeploymentPostprocessing = 0;
		};
		46F093681F14850B00E150C6 /* Frameworks */ = {
			isa = PBXFrameworksBuildPhase;
			buildActionMask = 2147483647;
			files = (
				FB6EFB81C6A7DDE44810B5D6 /* Pods_Short_NoteTests.framework in Frameworks */,
			);
			runOnlyForDeploymentPostprocessing = 0;
		};
/* End PBXFrameworksBuildPhase section */

/* Begin PBXGroup section */
		46972A461F15CEA200BDAEDF /* Config */ = {
			isa = PBXGroup;
			children = (
				46F45F3C1F168D5900B655A8 /* StandardColors.swift */,
			);
			name = Config;
			sourceTree = "<group>";
		};
		46F0934E1F14850B00E150C6 = {
			isa = PBXGroup;
			children = (
				46F093591F14850B00E150C6 /* Short Note */,
				46972A471F15DB2000BDAEDF /* ShortNoteDataModel.xcdatamodeld */,
				46F0936E1F14850B00E150C6 /* Short NoteTests */,
				46F093581F14850B00E150C6 /* Products */,
				6341D0F4BA5BCFB4657FCC11 /* Pods */,
				E8FAE3A0CC5BFB28435622BF /* Frameworks */,
			);
			sourceTree = "<group>";
		};
		46F093581F14850B00E150C6 /* Products */ = {
			isa = PBXGroup;
			children = (
				46F093571F14850B00E150C6 /* Short Note.app */,
				46F0936B1F14850B00E150C6 /* Short NoteTests.xctest */,
			);
			name = Products;
			sourceTree = "<group>";
		};
		46F093591F14850B00E150C6 /* Short Note */ = {
			isa = PBXGroup;
			children = (
				463FBF901F17F08A006A214D /* Short Note.entitlements */,
				46F0937D1F148A5000E150C6 /* Storyboards */,
				46F0937B1F148A2D00E150C6 /* Model */,
				46F0937A1F148A1B00E150C6 /* View */,
				46F0937C1F148A3600E150C6 /* Controller */,
				46F0937E1F148A6E00E150C6 /* Common */,
				46F093821F148AC800E150C6 /* Layout */,
				46F093831F148AD400E150C6 /* Helpers */,
				46F093801F148AA100E150C6 /* Protocols */,
				46F093811F148AAD00E150C6 /* Extensions */,
				46972A461F15CEA200BDAEDF /* Config */,
			);
			path = "Short Note";
			sourceTree = "<group>";
		};
		46F0936E1F14850B00E150C6 /* Short NoteTests */ = {
			isa = PBXGroup;
			children = (
				46F0936F1F14850B00E150C6 /* Short_NoteTests.swift */,
				46F093711F14850B00E150C6 /* Info.plist */,
			);
			path = "Short NoteTests";
			sourceTree = "<group>";
		};
		46F0937A1F148A1B00E150C6 /* View */ = {
			isa = PBXGroup;
			children = (
				46972A341F15B35600BDAEDF /* LanguagesTableViewCell.swift */,
				46972A381F15B3C100BDAEDF /* ShortNotesTableViewCell.swift */,
			);
			name = View;
			sourceTree = "<group>";
		};
		46F0937B1F148A2D00E150C6 /* Model */ = {
			isa = PBXGroup;
			children = (
				46972A4E1F15E27500BDAEDF /* ShortNote+CoreDataClass.swift */,
				46972A4F1F15E27500BDAEDF /* ShortNote+CoreDataProperties.swift */,
				46972A501F15E27500BDAEDF /* ProgrammingLanguage+CoreDataClass.swift */,
				46972A511F15E27500BDAEDF /* ProgrammingLanguage+CoreDataProperties.swift */,
				46972A4A1F15DC5600BDAEDF /* User+CoreDataClass.swift */,
				46972A4B1F15DC5600BDAEDF /* User+CoreDataProperties.swift */,
			);
			name = Model;
			sourceTree = "<group>";
		};
		46F0937C1F148A3600E150C6 /* Controller */ = {
			isa = PBXGroup;
			children = (
				46F179A01F15386B003FAF79 /* LogInViewController.swift */,
				46972A301F15B23100BDAEDF /* CreateUserViewController.swift */,
				46972A321F15B31500BDAEDF /* LanguagesViewController.swift */,
				46972A361F15B39D00BDAEDF /* ShortNotesViewController.swift */,
				46972A3A1F15B3ED00BDAEDF /* ShortNoteViewController.swift */,
				46972A3C1F15B48200BDAEDF /* SaveLanguageViewController.swift */,
				46972A3E1F15B4A700BDAEDF /* SaveNoteViewController.swift */,
				46972A401F15B4D700BDAEDF /* CurrentUserViewController.swift */,
				46972A421F15B4FA00BDAEDF /* SaveUserViewController.swift */,
				463FBF911F17F3A8006A214D /* ImagePreviewViewController.swift */,
			);
			name = Controller;
			sourceTree = "<group>";
		};
		46F0937D1F148A5000E150C6 /* Storyboards */ = {
			isa = PBXGroup;
			children = (
				46F0935E1F14850B00E150C6 /* Main.storyboard */,
				46F093631F14850B00E150C6 /* LaunchScreen.storyboard */,
			);
			name = Storyboards;
			sourceTree = "<group>";
		};
		46F0937E1F148A6E00E150C6 /* Common */ = {
			isa = PBXGroup;
			children = (
				46F0935A1F14850B00E150C6 /* AppDelegate.swift */,
				46972A441F15CAF900BDAEDF /* CoreDataStack.swift */,
				46F093661F14850B00E150C6 /* Info.plist */,
				46F0937F1F148A7F00E150C6 /* Resources */,
			);
			name = Common;
			sourceTree = "<group>";
		};
		46F0937F1F148A7F00E150C6 /* Resources */ = {
			isa = PBXGroup;
			children = (
				46F093611F14850B00E150C6 /* Assets.xcassets */,
			);
			name = Resources;
			sourceTree = "<group>";
		};
		46F093801F148AA100E150C6 /* Protocols */ = {
			isa = PBXGroup;
			children = (
			);
			name = Protocols;
			sourceTree = "<group>";
		};
		46F093811F148AAD00E150C6 /* Extensions */ = {
			isa = PBXGroup;
			children = (
				46972A5D1F15F6D400BDAEDF /* UIViewController+Extension.swift */,
			);
			name = Extensions;
			sourceTree = "<group>";
		};
		46F093821F148AC800E150C6 /* Layout */ = {
			isa = PBXGroup;
			children = (
				46F179981F14E237003FAF79 /* FTButton.swift */,
				46F1799A1F14E384003FAF79 /* FTView.swift */,
			);
			name = Layout;
			sourceTree = "<group>";
		};
		46F093831F148AD400E150C6 /* Helpers */ = {
			isa = PBXGroup;
			children = (
				46972A561F15EC5300BDAEDF /* SampleDataCreator.swift */,
				46972A5A1F15F44900BDAEDF /* FormValidator.swift */,
				46972A601F160D7C00BDAEDF /* UserAuthentication.swift */,
				463FBF8E1F1776FC006A214D /* CurrentUser.swift */,
			);
			name = Helpers;
			sourceTree = "<group>";
		};
		6341D0F4BA5BCFB4657FCC11 /* Pods */ = {
			isa = PBXGroup;
			children = (
				1FE811CD89E0DAE48423B8D3 /* Pods-Short Note.debug.xcconfig */,
				F611327B0375564DE4763D26 /* Pods-Short Note.release.xcconfig */,
				F13EA92AFCA48F4A60B5D471 /* Pods-Short NoteTests.debug.xcconfig */,
				0D0CBB484624596FC42E6185 /* Pods-Short NoteTests.release.xcconfig */,
			);
			name = Pods;
			sourceTree = "<group>";
		};
		E8FAE3A0CC5BFB28435622BF /* Frameworks */ = {
			isa = PBXGroup;
			children = (
				6E1936F0E8BE1E582576FB9D /* Pods_Short_Note.framework */,
				B4F92F744607E27169237D99 /* Pods_Short_NoteTests.framework */,
			);
			name = Frameworks;
			sourceTree = "<group>";
		};
/* End PBXGroup section */

/* Begin PBXNativeTarget section */
		46F093561F14850B00E150C6 /* Short Note */ = {
			isa = PBXNativeTarget;
			buildConfigurationList = 46F093741F14850B00E150C6 /* Build configuration list for PBXNativeTarget "Short Note" */;
			buildPhases = (
				BDC069725FEC53A0197326D6 /* [CP] Check Pods Manifest.lock */,
				46F093531F14850B00E150C6 /* Sources */,
				46F093541F14850B00E150C6 /* Frameworks */,
				46F093551F14850B00E150C6 /* Resources */,
				94FC82CDFB2C9D3790E61BB0 /* [CP] Embed Pods Frameworks */,
				51EB2D7943AAE07E5AC6F753 /* [CP] Copy Pods Resources */,
			);
			buildRules = (
			);
			dependencies = (
			);
			name = "Short Note";
			productName = "Short Note";
			productReference = 46F093571F14850B00E150C6 /* Short Note.app */;
			productType = "com.apple.product-type.application";
		};
		46F0936A1F14850B00E150C6 /* Short NoteTests */ = {
			isa = PBXNativeTarget;
			buildConfigurationList = 46F093771F14850B00E150C6 /* Build configuration list for PBXNativeTarget "Short NoteTests" */;
			buildPhases = (
				A147A127F764C12326BBBA19 /* [CP] Check Pods Manifest.lock */,
				46F093671F14850B00E150C6 /* Sources */,
				46F093681F14850B00E150C6 /* Frameworks */,
				46F093691F14850B00E150C6 /* Resources */,
				0FE8856C69917235170B6E42 /* [CP] Embed Pods Frameworks */,
				89FA3F23EE2A68D64022F503 /* [CP] Copy Pods Resources */,
			);
			buildRules = (
			);
			dependencies = (
				46F0936D1F14850B00E150C6 /* PBXTargetDependency */,
			);
			name = "Short NoteTests";
			productName = "Short NoteTests";
			productReference = 46F0936B1F14850B00E150C6 /* Short NoteTests.xctest */;
			productType = "com.apple.product-type.bundle.unit-test";
		};
/* End PBXNativeTarget section */

/* Begin PBXProject section */
		46F0934F1F14850B00E150C6 /* Project object */ = {
			isa = PBXProject;
			attributes = {
				LastSwiftUpdateCheck = 0830;
				LastUpgradeCheck = 0830;
				ORGANIZATIONNAME = Crowderia;
				TargetAttributes = {
					46F093561F14850B00E150C6 = {
						CreatedOnToolsVersion = 8.3.2;
						DevelopmentTeam = MV76X88Q4Q;
						ProvisioningStyle = Automatic;
						SystemCapabilities = {
							com.apple.DataProtection = {
								enabled = 1;
							};
						};
					};
					46F0936A1F14850B00E150C6 = {
						CreatedOnToolsVersion = 8.3.2;
						DevelopmentTeam = MV76X88Q4Q;
						ProvisioningStyle = Automatic;
						TestTargetID = 46F093561F14850B00E150C6;
					};
				};
			};
			buildConfigurationList = 46F093521F14850B00E150C6 /* Build configuration list for PBXProject "Short Note" */;
			compatibilityVersion = "Xcode 3.2";
			developmentRegion = English;
			hasScannedForEncodings = 0;
			knownRegions = (
				en,
				Base,
			);
			mainGroup = 46F0934E1F14850B00E150C6;
			productRefGroup = 46F093581F14850B00E150C6 /* Products */;
			projectDirPath = "";
			projectRoot = "";
			targets = (
				46F093561F14850B00E150C6 /* Short Note */,
				46F0936A1F14850B00E150C6 /* Short NoteTests */,
			);
		};
/* End PBXProject section */

/* Begin PBXResourcesBuildPhase section */
		46F093551F14850B00E150C6 /* Resources */ = {
			isa = PBXResourcesBuildPhase;
			buildActionMask = 2147483647;
			files = (
				46F093651F14850B00E150C6 /* LaunchScreen.storyboard in Resources */,
				46F093621F14850B00E150C6 /* Assets.xcassets in Resources */,
				46F093601F14850B00E150C6 /* Main.storyboard in Resources */,
			);
			runOnlyForDeploymentPostprocessing = 0;
		};
		46F093691F14850B00E150C6 /* Resources */ = {
			isa = PBXResourcesBuildPhase;
			buildActionMask = 2147483647;
			files = (
			);
			runOnlyForDeploymentPostprocessing = 0;
		};
/* End PBXResourcesBuildPhase section */

/* Begin PBXShellScriptBuildPhase section */
		0FE8856C69917235170B6E42 /* [CP] Embed Pods Frameworks */ = {
			isa = PBXShellScriptBuildPhase;
			buildActionMask = 2147483647;
			files = (
			);
			inputPaths = (
			);
			name = "[CP] Embed Pods Frameworks";
			outputPaths = (
			);
			runOnlyForDeploymentPostprocessing = 0;
			shellPath = /bin/sh;
			shellScript = "\"${SRCROOT}/Pods/Target Support Files/Pods-Short NoteTests/Pods-Short NoteTests-frameworks.sh\"\n";
			showEnvVarsInLog = 0;
		};
		51EB2D7943AAE07E5AC6F753 /* [CP] Copy Pods Resources */ = {
			isa = PBXShellScriptBuildPhase;
			buildActionMask = 2147483647;
			files = (
			);
			inputPaths = (
			);
			name = "[CP] Copy Pods Resources";
			outputPaths = (
			);
			runOnlyForDeploymentPostprocessing = 0;
			shellPath = /bin/sh;
			shellScript = "\"${SRCROOT}/Pods/Target Support Files/Pods-Short Note/Pods-Short Note-resources.sh\"\n";
			showEnvVarsInLog = 0;
		};
		89FA3F23EE2A68D64022F503 /* [CP] Copy Pods Resources */ = {
			isa = PBXShellScriptBuildPhase;
			buildActionMask = 2147483647;
			files = (
			);
			inputPaths = (
			);
			name = "[CP] Copy Pods Resources";
			outputPaths = (
			);
			runOnlyForDeploymentPostprocessing = 0;
			shellPath = /bin/sh;
			shellScript = "\"${SRCROOT}/Pods/Target Support Files/Pods-Short NoteTests/Pods-Short NoteTests-resources.sh\"\n";
			showEnvVarsInLog = 0;
		};
		94FC82CDFB2C9D3790E61BB0 /* [CP] Embed Pods Frameworks */ = {
			isa = PBXShellScriptBuildPhase;
			buildActionMask = 2147483647;
			files = (
			);
			inputPaths = (
			);
			name = "[CP] Embed Pods Frameworks";
			outputPaths = (
			);
			runOnlyForDeploymentPostprocessing = 0;
			shellPath = /bin/sh;
			shellScript = "\"${SRCROOT}/Pods/Target Support Files/Pods-Short Note/Pods-Short Note-frameworks.sh\"\n";
			showEnvVarsInLog = 0;
		};
		A147A127F764C12326BBBA19 /* [CP] Check Pods Manifest.lock */ = {
			isa = PBXShellScriptBuildPhase;
			buildActionMask = 2147483647;
			files = (
			);
			inputPaths = (
			);
			name = "[CP] Check Pods Manifest.lock";
			outputPaths = (
			);
			runOnlyForDeploymentPostprocessing = 0;
			shellPath = /bin/sh;
			shellScript = "diff \"${PODS_PODFILE_DIR_PATH}/Podfile.lock\" \"${PODS_ROOT}/Manifest.lock\" > /dev/null\nif [ $? != 0 ] ; then\n    # print error to STDERR\n    echo \"error: The sandbox is not in sync with the Podfile.lock. Run 'pod install' or update your CocoaPods installation.\" >&2\n    exit 1\nfi\n";
			showEnvVarsInLog = 0;
		};
		BDC069725FEC53A0197326D6 /* [CP] Check Pods Manifest.lock */ = {
			isa = PBXShellScriptBuildPhase;
			buildActionMask = 2147483647;
			files = (
			);
			inputPaths = (
			);
			name = "[CP] Check Pods Manifest.lock";
			outputPaths = (
			);
			runOnlyForDeploymentPostprocessing = 0;
			shellPath = /bin/sh;
			shellScript = "diff \"${PODS_PODFILE_DIR_PATH}/Podfile.lock\" \"${PODS_ROOT}/Manifest.lock\" > /dev/null\nif [ $? != 0 ] ; then\n    # print error to STDERR\n    echo \"error: The sandbox is not in sync with the Podfile.lock. Run 'pod install' or update your CocoaPods installation.\" >&2\n    exit 1\nfi\n";
			showEnvVarsInLog = 0;
		};
/* End PBXShellScriptBuildPhase section */

/* Begin PBXSourcesBuildPhase section */
		46F093531F14850B00E150C6 /* Sources */ = {
			isa = PBXSourcesBuildPhase;
			buildActionMask = 2147483647;
			files = (
				46F1799B1F14E384003FAF79 /* FTView.swift in Sources */,
				46972A411F15B4D700BDAEDF /* CurrentUserViewController.swift in Sources */,
				46972A351F15B35600BDAEDF /* LanguagesTableViewCell.swift in Sources */,
				46972A3F1F15B4A700BDAEDF /* SaveNoteViewController.swift in Sources */,
				46972A431F15B4FA00BDAEDF /* SaveUserViewController.swift in Sources */,
				46972A491F15DB2000BDAEDF /* ShortNoteDataModel.xcdatamodeld in Sources */,
				46972A571F15EC5300BDAEDF /* SampleDataCreator.swift in Sources */,
				46972A521F15E27500BDAEDF /* ShortNote+CoreDataClass.swift in Sources */,
				46972A331F15B31500BDAEDF /* LanguagesViewController.swift in Sources */,
				46972A5B1F15F44900BDAEDF /* FormValidator.swift in Sources */,
				46972A451F15CAF900BDAEDF /* CoreDataStack.swift in Sources */,
				46F179991F14E237003FAF79 /* FTButton.swift in Sources */,
				46972A4D1F15DC5600BDAEDF /* User+CoreDataProperties.swift in Sources */,
				46972A5E1F15F6D400BDAEDF /* UIViewController+Extension.swift in Sources */,
				46F179A11F15386B003FAF79 /* LogInViewController.swift in Sources */,
				46972A531F15E27500BDAEDF /* ShortNote+CoreDataProperties.swift in Sources */,
				46972A551F15E27500BDAEDF /* ProgrammingLanguage+CoreDataProperties.swift in Sources */,
				46972A3D1F15B48200BDAEDF /* SaveLanguageViewController.swift in Sources */,
				46972A541F15E27500BDAEDF /* ProgrammingLanguage+CoreDataClass.swift in Sources */,
				46972A3B1F15B3ED00BDAEDF /* ShortNoteViewController.swift in Sources */,
				46972A391F15B3C100BDAEDF /* ShortNotesTableViewCell.swift in Sources */,
				463FBF921F17F3A8006A214D /* ImagePreviewViewController.swift in Sources */,
				46972A4C1F15DC5600BDAEDF /* User+CoreDataClass.swift in Sources */,
				46972A371F15B39D00BDAEDF /* ShortNotesViewController.swift in Sources */,
				46972A611F160D7C00BDAEDF /* UserAuthentication.swift in Sources */,
				46F0935B1F14850B00E150C6 /* AppDelegate.swift in Sources */,
				46F45F3D1F168D5900B655A8 /* StandardColors.swift in Sources */,
				463FBF8F1F1776FC006A214D /* CurrentUser.swift in Sources */,
				46972A311F15B23100BDAEDF /* CreateUserViewController.swift in Sources */,
			);
			runOnlyForDeploymentPostprocessing = 0;
		};
		46F093671F14850B00E150C6 /* Sources */ = {
			isa = PBXSourcesBuildPhase;
			buildActionMask = 2147483647;
			files = (
				46972A631F160DF300BDAEDF /* FormValidator.swift in Sources */,
				46972A5F1F15F6D400BDAEDF /* UIViewController+Extension.swift in Sources */,
				46972A621F160D7C00BDAEDF /* UserAuthentication.swift in Sources */,
				46F093701F14850B00E150C6 /* Short_NoteTests.swift in Sources */,
			);
			runOnlyForDeploymentPostprocessing = 0;
		};
/* End PBXSourcesBuildPhase section */

/* Begin PBXTargetDependency section */
		46F0936D1F14850B00E150C6 /* PBXTargetDependency */ = {
			isa = PBXTargetDependency;
			target = 46F093561F14850B00E150C6 /* Short Note */;
			targetProxy = 46F0936C1F14850B00E150C6 /* PBXContainerItemProxy */;
		};
/* End PBXTargetDependency section */

/* Begin PBXVariantGroup section */
		46F0935E1F14850B00E150C6 /* Main.storyboard */ = {
			isa = PBXVariantGroup;
			children = (
				46F0935F1F14850B00E150C6 /* Base */,
			);
			name = Main.storyboard;
			sourceTree = "<group>";
		};
		46F093631F14850B00E150C6 /* LaunchScreen.storyboard */ = {
			isa = PBXVariantGroup;
			children = (
				46F093641F14850B00E150C6 /* Base */,
			);
			name = LaunchScreen.storyboard;
			sourceTree = "<group>";
		};
/* End PBXVariantGroup section */

/* Begin XCBuildConfiguration section */
		46F093721F14850B00E150C6 /* Debug */ = {
			isa = XCBuildConfiguration;
			buildSettings = {
				ALWAYS_SEARCH_USER_PATHS = NO;
				CLANG_ANALYZER_NONNULL = YES;
				CLANG_ANALYZER_NUMBER_OBJECT_CONVERSION = YES_AGGRESSIVE;
				CLANG_CXX_LANGUAGE_STANDARD = "gnu++0x";
				CLANG_CXX_LIBRARY = "libc++";
				CLANG_ENABLE_MODULES = YES;
				CLANG_ENABLE_OBJC_ARC = YES;
				CLANG_WARN_BOOL_CONVERSION = YES;
				CLANG_WARN_CONSTANT_CONVERSION = YES;
				CLANG_WARN_DIRECT_OBJC_ISA_USAGE = YES_ERROR;
				CLANG_WARN_DOCUMENTATION_COMMENTS = YES;
				CLANG_WARN_EMPTY_BODY = YES;
				CLANG_WARN_ENUM_CONVERSION = YES;
				CLANG_WARN_INFINITE_RECURSION = YES;
				CLANG_WARN_INT_CONVERSION = YES;
				CLANG_WARN_OBJC_ROOT_CLASS = YES_ERROR;
				CLANG_WARN_SUSPICIOUS_MOVE = YES;
				CLANG_WARN_UNREACHABLE_CODE = YES;
				CLANG_WARN__DUPLICATE_METHOD_MATCH = YES;
				"CODE_SIGN_IDENTITY[sdk=iphoneos*]" = "iPhone Developer";
				COPY_PHASE_STRIP = NO;
				DEBUG_INFORMATION_FORMAT = dwarf;
				ENABLE_STRICT_OBJC_MSGSEND = YES;
				ENABLE_TESTABILITY = YES;
				GCC_C_LANGUAGE_STANDARD = gnu99;
				GCC_DYNAMIC_NO_PIC = NO;
				GCC_NO_COMMON_BLOCKS = YES;
				GCC_OPTIMIZATION_LEVEL = 0;
				GCC_PREPROCESSOR_DEFINITIONS = (
					"DEBUG=1",
					"$(inherited)",
				);
				GCC_WARN_64_TO_32_BIT_CONVERSION = YES;
				GCC_WARN_ABOUT_RETURN_TYPE = YES_ERROR;
				GCC_WARN_UNDECLARED_SELECTOR = YES;
				GCC_WARN_UNINITIALIZED_AUTOS = YES_AGGRESSIVE;
				GCC_WARN_UNUSED_FUNCTION = YES;
				GCC_WARN_UNUSED_VARIABLE = YES;
				IPHONEOS_DEPLOYMENT_TARGET = 10.0;
				MTL_ENABLE_DEBUG_INFO = YES;
				ONLY_ACTIVE_ARCH = YES;
				SDKROOT = iphoneos;
				SWIFT_ACTIVE_COMPILATION_CONDITIONS = DEBUG;
				SWIFT_OPTIMIZATION_LEVEL = "-Onone";
				TARGETED_DEVICE_FAMILY = "1,2";
			};
			name = Debug;
		};
		46F093731F14850B00E150C6 /* Release */ = {
			isa = XCBuildConfiguration;
			buildSettings = {
				ALWAYS_SEARCH_USER_PATHS = NO;
				CLANG_ANALYZER_NONNULL = YES;
				CLANG_ANALYZER_NUMBER_OBJECT_CONVERSION = YES_AGGRESSIVE;
				CLANG_CXX_LANGUAGE_STANDARD = "gnu++0x";
				CLANG_CXX_LIBRARY = "libc++";
				CLANG_ENABLE_MODULES = YES;
				CLANG_ENABLE_OBJC_ARC = YES;
				CLANG_WARN_BOOL_CONVERSION = YES;
				CLANG_WARN_CONSTANT_CONVERSION = YES;
				CLANG_WARN_DIRECT_OBJC_ISA_USAGE = YES_ERROR;
				CLANG_WARN_DOCUMENTATION_COMMENTS = YES;
				CLANG_WARN_EMPTY_BODY = YES;
				CLANG_WARN_ENUM_CONVERSION = YES;
				CLANG_WARN_INFINITE_RECURSION = YES;
				CLANG_WARN_INT_CONVERSION = YES;
				CLANG_WARN_OBJC_ROOT_CLASS = YES_ERROR;
				CLANG_WARN_SUSPICIOUS_MOVE = YES;
				CLANG_WARN_UNREACHABLE_CODE = YES;
				CLANG_WARN__DUPLICATE_METHOD_MATCH = YES;
				"CODE_SIGN_IDENTITY[sdk=iphoneos*]" = "iPhone Developer";
				COPY_PHASE_STRIP = NO;
				DEBUG_INFORMATION_FORMAT = "dwarf-with-dsym";
				ENABLE_NS_ASSERTIONS = NO;
				ENABLE_STRICT_OBJC_MSGSEND = YES;
				GCC_C_LANGUAGE_STANDARD = gnu99;
				GCC_NO_COMMON_BLOCKS = YES;
				GCC_WARN_64_TO_32_BIT_CONVERSION = YES;
				GCC_WARN_ABOUT_RETURN_TYPE = YES_ERROR;
				GCC_WARN_UNDECLARED_SELECTOR = YES;
				GCC_WARN_UNINITIALIZED_AUTOS = YES_AGGRESSIVE;
				GCC_WARN_UNUSED_FUNCTION = YES;
				GCC_WARN_UNUSED_VARIABLE = YES;
				IPHONEOS_DEPLOYMENT_TARGET = 10.0;
				MTL_ENABLE_DEBUG_INFO = NO;
				SDKROOT = iphoneos;
				SWIFT_OPTIMIZATION_LEVEL = "-Owholemodule";
				TARGETED_DEVICE_FAMILY = "1,2";
				VALIDATE_PRODUCT = YES;
			};
			name = Release;
		};
		46F093751F14850B00E150C6 /* Debug */ = {
			isa = XCBuildConfiguration;
			baseConfigurationReference = 1FE811CD89E0DAE48423B8D3 /* Pods-Short Note.debug.xcconfig */;
			buildSettings = {
				ASSETCATALOG_COMPILER_APPICON_NAME = AppIcon;
				CODE_SIGN_ENTITLEMENTS = "Short Note/Short Note.entitlements";
				DEVELOPMENT_TEAM = MV76X88Q4Q;
				INFOPLIST_FILE = "Short Note/Info.plist";
				IPHONEOS_DEPLOYMENT_TARGET = 10.0;
				LD_RUNPATH_SEARCH_PATHS = "$(inherited) @executable_path/Frameworks";
				PRODUCT_BUNDLE_IDENTIFIER = "interview.crowderia.Short-Note";
				PRODUCT_NAME = "$(TARGET_NAME)";
				SWIFT_VERSION = 3.0;
			};
			name = Debug;
		};
		46F093761F14850B00E150C6 /* Release */ = {
			isa = XCBuildConfiguration;
			baseConfigurationReference = F611327B0375564DE4763D26 /* Pods-Short Note.release.xcconfig */;
			buildSettings = {
				ASSETCATALOG_COMPILER_APPICON_NAME = AppIcon;
				CODE_SIGN_ENTITLEMENTS = "Short Note/Short Note.entitlements";
				DEVELOPMENT_TEAM = MV76X88Q4Q;
				INFOPLIST_FILE = "Short Note/Info.plist";
				IPHONEOS_DEPLOYMENT_TARGET = 10.0;
				LD_RUNPATH_SEARCH_PATHS = "$(inherited) @executable_path/Frameworks";
				PRODUCT_BUNDLE_IDENTIFIER = "interview.crowderia.Short-Note";
				PRODUCT_NAME = "$(TARGET_NAME)";
				SWIFT_VERSION = 3.0;
			};
			name = Release;
		};
		46F093781F14850B00E150C6 /* Debug */ = {
			isa = XCBuildConfiguration;
			baseConfigurationReference = F13EA92AFCA48F4A60B5D471 /* Pods-Short NoteTests.debug.xcconfig */;
			buildSettings = {
				ALWAYS_EMBED_SWIFT_STANDARD_LIBRARIES = YES;
				BUNDLE_LOADER = "$(TEST_HOST)";
				DEVELOPMENT_TEAM = MV76X88Q4Q;
				INFOPLIST_FILE = "Short NoteTests/Info.plist";
				LD_RUNPATH_SEARCH_PATHS = "$(inherited) @executable_path/Frameworks @loader_path/Frameworks";
				PRODUCT_BUNDLE_IDENTIFIER = "interview.crowderia.Short-NoteTests";
				PRODUCT_NAME = "$(TARGET_NAME)";
				SWIFT_VERSION = 3.0;
				TEST_HOST = "$(BUILT_PRODUCTS_DIR)/Short Note.app/Short Note";
			};
			name = Debug;
		};
		46F093791F14850B00E150C6 /* Release */ = {
			isa = XCBuildConfiguration;
			baseConfigurationReference = 0D0CBB484624596FC42E6185 /* Pods-Short NoteTests.release.xcconfig */;
			buildSettings = {
				ALWAYS_EMBED_SWIFT_STANDARD_LIBRARIES = YES;
				BUNDLE_LOADER = "$(TEST_HOST)";
				DEVELOPMENT_TEAM = MV76X88Q4Q;
				INFOPLIST_FILE = "Short NoteTests/Info.plist";
				LD_RUNPATH_SEARCH_PATHS = "$(inherited) @executable_path/Frameworks @loader_path/Frameworks";
				PRODUCT_BUNDLE_IDENTIFIER = "interview.crowderia.Short-NoteTests";
				PRODUCT_NAME = "$(TARGET_NAME)";
				SWIFT_VERSION = 3.0;
				TEST_HOST = "$(BUILT_PRODUCTS_DIR)/Short Note.app/Short Note";
			};
			name = Release;
		};
/* End XCBuildConfiguration section */

/* Begin XCConfigurationList section */
		46F093521F14850B00E150C6 /* Build configuration list for PBXProject "Short Note" */ = {
			isa = XCConfigurationList;
			buildConfigurations = (
				46F093721F14850B00E150C6 /* Debug */,
				46F093731F14850B00E150C6 /* Release */,
			);
			defaultConfigurationIsVisible = 0;
			defaultConfigurationName = Release;
		};
		46F093741F14850B00E150C6 /* Build configuration list for PBXNativeTarget "Short Note" */ = {
			isa = XCConfigurationList;
			buildConfigurations = (
				46F093751F14850B00E150C6 /* Debug */,
				46F093761F14850B00E150C6 /* Release */,
			);
			defaultConfigurationIsVisible = 0;
			defaultConfigurationName = Release;
		};
		46F093771F14850B00E150C6 /* Build configuration list for PBXNativeTarget "Short NoteTests" */ = {
			isa = XCConfigurationList;
			buildConfigurations = (
				46F093781F14850B00E150C6 /* Debug */,
				46F093791F14850B00E150C6 /* Release */,
			);
			defaultConfigurationIsVisible = 0;
			defaultConfigurationName = Release;
		};
/* End XCConfigurationList section */

/* Begin XCVersionGroup section */
		46972A471F15DB2000BDAEDF /* ShortNoteDataModel.xcdatamodeld */ = {
			isa = XCVersionGroup;
			children = (
				46972A481F15DB2000BDAEDF /* ShortNoteDataModel.xcdatamodel */,
			);
			currentVersion = 46972A481F15DB2000BDAEDF /* ShortNoteDataModel.xcdatamodel */;
			path = ShortNoteDataModel.xcdatamodeld;
			sourceTree = "<group>";
			versionGroupType = wrapper.xcdatamodel;
		};
/* End XCVersionGroup section */
	};
	rootObject = 46F0934F1F14850B00E150C6 /* Project object */;
}
